
Microsoft Visual Studio Solution File, Format Version 12.00
# Visual Studio Version 17
VisualStudioVersion = 17.8.34309.116
MinimumVisualStudioVersion = 10.0.40219.1
Project("{2150E333-8FDC-42A3-9474-1A3956D46DE8}") = "ClientDataSender", "ClientDataSender", "{EEE81591-C8AB-40B0-95A7-D65D1C127F2C}"
EndProject
Project("{2150E333-8FDC-42A3-9474-1A3956D46DE8}") = "OrganizationDataAPI", "OrganizationDataAPI", "{282E1FF7-235D-4426-95CD-77C55E77520B}"
EndProject
Project("{9A19103F-16F7-4668-BE54-9A1E7A4F7556}") = "OrganizationData.API", "OrganizationDataAPI\OrganizationData.API\OrganizationData.API.csproj", "{50486347-F477-4872-884A-91F73C46632B}"
EndProject
Project("{9A19103F-16F7-4668-BE54-9A1E7A4F7556}") = "ClientDataSender", "ClientDataSender\ClientDataSender.csproj", "{043E7545-B2D8-435D-8FC5-4E9B4C5CFA31}"
EndProject
Project("{9A19103F-16F7-4668-BE54-9A1E7A4F7556}") = "OrganizationData.Application", "OrganizationDataAPI\Application\OrganizationData.Application\OrganizationData.Application.csproj", "{4EB734B2-302C-4800-A7EE-11512E66BDAD}"
EndProject
Project("{9A19103F-16F7-4668-BE54-9A1E7A4F7556}") = "OrganizationData.Application.Abstractions", "OrganizationDataAPI\Application\OrganizationData.Application.Abstractions\OrganizationData.Application.Abstractions.csproj", "{2F263960-B66D-40F1-9DA4-4A1F2A59DC67}"
EndProject
Project("{9A19103F-16F7-4668-BE54-9A1E7A4F7556}") = "OrganizationData.Application.DTO", "OrganizationDataAPI\Application\OrganizationData.Application.DTO\OrganizationData.Application.DTO.csproj", "{9D7C53A3-FA44-47A8-B7FC-89866F82CAE8}"
EndProject
Project("{2150E333-8FDC-42A3-9474-1A3956D46DE8}") = "Application", "Application", "{CAC770D1-F353-40D2-8B58-29C9F58AFDD4}"
EndProject
Project("{2150E333-8FDC-42A3-9474-1A3956D46DE8}") = "DataAccess", "DataAccess", "{55E0843E-BC16-4781-9C71-19B3E150D87D}"
EndProject
Project("{9A19103F-16F7-4668-BE54-9A1E7A4F7556}") = "OrganizationData.Data", "OrganizationDataAPI\DataAccess\OrganizationData.Data\OrganizationData.Data.csproj", "{D7790E7B-6DA1-4738-80A5-5D1E6B634C87}"
EndProject
Project("{9A19103F-16F7-4668-BE54-9A1E7A4F7556}") = "OrganizationData.Data.Abstractions", "OrganizationDataAPI\DataAccess\OrganizationData.Data.Abstractions\OrganizationData.Data.Abstractions.csproj", "{04417750-0910-4CCB-AD0F-9644283B7C3A}"
EndProject
Project("{9A19103F-16F7-4668-BE54-9A1E7A4F7556}") = "OrganizationData.Data.Entities", "OrganizationDataAPI\DataAccess\OrganizationData.Data.Entities\OrganizationData.Data.Entities.csproj", "{0D20A167-F96E-4836-9F5D-71D1ACA42753}"
EndProject
Global
	GlobalSection(SolutionConfigurationPlatforms) = preSolution
		Debug|Any CPU = Debug|Any CPU
		Release|Any CPU = Release|Any CPU
	EndGlobalSection
	GlobalSection(ProjectConfigurationPlatforms) = postSolution
		{50486347-F477-4872-884A-91F73C46632B}.Debug|Any CPU.ActiveCfg = Debug|Any CPU
		{50486347-F477-4872-884A-91F73C46632B}.Debug|Any CPU.Build.0 = Debug|Any CPU
		{50486347-F477-4872-884A-91F73C46632B}.Release|Any CPU.ActiveCfg = Release|Any CPU
		{50486347-F477-4872-884A-91F73C46632B}.Release|Any CPU.Build.0 = Release|Any CPU
		{043E7545-B2D8-435D-8FC5-4E9B4C5CFA31}.Debug|Any CPU.ActiveCfg = Debug|Any CPU
		{043E7545-B2D8-435D-8FC5-4E9B4C5CFA31}.Debug|Any CPU.Build.0 = Debug|Any CPU
		{043E7545-B2D8-435D-8FC5-4E9B4C5CFA31}.Release|Any CPU.ActiveCfg = Release|Any CPU
		{043E7545-B2D8-435D-8FC5-4E9B4C5CFA31}.Release|Any CPU.Build.0 = Release|Any CPU
		{4EB734B2-302C-4800-A7EE-11512E66BDAD}.Debug|Any CPU.ActiveCfg = Debug|Any CPU
		{4EB734B2-302C-4800-A7EE-11512E66BDAD}.Debug|Any CPU.Build.0 = Debug|Any CPU
		{4EB734B2-302C-4800-A7EE-11512E66BDAD}.Release|Any CPU.ActiveCfg = Release|Any CPU
		{4EB734B2-302C-4800-A7EE-11512E66BDAD}.Release|Any CPU.Build.0 = Release|Any CPU
		{2F263960-B66D-40F1-9DA4-4A1F2A59DC67}.Debug|Any CPU.ActiveCfg = Debug|Any CPU
		{2F263960-B66D-40F1-9DA4-4A1F2A59DC67}.Debug|Any CPU.Build.0 = Debug|Any CPU
		{2F263960-B66D-40F1-9DA4-4A1F2A59DC67}.Release|Any CPU.ActiveCfg = Release|Any CPU
		{2F263960-B66D-40F1-9DA4-4A1F2A59DC67}.Release|Any CPU.Build.0 = Release|Any CPU
		{9D7C53A3-FA44-47A8-B7FC-89866F82CAE8}.Debug|Any CPU.ActiveCfg = Debug|Any CPU
		{9D7C53A3-FA44-47A8-B7FC-89866F82CAE8}.Debug|Any CPU.Build.0 = Debug|Any CPU
		{9D7C53A3-FA44-47A8-B7FC-89866F82CAE8}.Release|Any CPU.ActiveCfg = Release|Any CPU
		{9D7C53A3-FA44-47A8-B7FC-89866F82CAE8}.Release|Any CPU.Build.0 = Release|Any CPU
		{D7790E7B-6DA1-4738-80A5-5D1E6B634C87}.Debug|Any CPU.ActiveCfg = Debug|Any CPU
		{D7790E7B-6DA1-4738-80A5-5D1E6B634C87}.Debug|Any CPU.Build.0 = Debug|Any CPU
		{D7790E7B-6DA1-4738-80A5-5D1E6B634C87}.Release|Any CPU.ActiveCfg = Release|Any CPU
		{D7790E7B-6DA1-4738-80A5-5D1E6B634C87}.Release|Any CPU.Build.0 = Release|Any CPU
		{04417750-0910-4CCB-AD0F-9644283B7C3A}.Debug|Any CPU.ActiveCfg = Debug|Any CPU
		{04417750-0910-4CCB-AD0F-9644283B7C3A}.Debug|Any CPU.Build.0 = Debug|Any CPU
		{04417750-0910-4CCB-AD0F-9644283B7C3A}.Release|Any CPU.ActiveCfg = Release|Any CPU
		{04417750-0910-4CCB-AD0F-9644283B7C3A}.Release|Any CPU.Build.0 = Release|Any CPU
		{0D20A167-F96E-4836-9F5D-71D1ACA42753}.Debug|Any CPU.ActiveCfg = Debug|Any CPU
		{0D20A167-F96E-4836-9F5D-71D1ACA42753}.Debug|Any CPU.Build.0 = Debug|Any CPU
		{0D20A167-F96E-4836-9F5D-71D1ACA42753}.Release|Any CPU.ActiveCfg = Release|Any CPU
		{0D20A167-F96E-4836-9F5D-71D1ACA42753}.Release|Any CPU.Build.0 = Release|Any CPU
	EndGlobalSection
	GlobalSection(SolutionProperties) = preSolution
		HideSolutionNode = FALSE
	EndGlobalSection
	GlobalSection(NestedProjects) = preSolution
		{50486347-F477-4872-884A-91F73C46632B} = {282E1FF7-235D-4426-95CD-77C55E77520B}
		{043E7545-B2D8-435D-8FC5-4E9B4C5CFA31} = {EEE81591-C8AB-40B0-95A7-D65D1C127F2C}
		{4EB734B2-302C-4800-A7EE-11512E66BDAD} = {CAC770D1-F353-40D2-8B58-29C9F58AFDD4}
		{2F263960-B66D-40F1-9DA4-4A1F2A59DC67} = {CAC770D1-F353-40D2-8B58-29C9F58AFDD4}
		{9D7C53A3-FA44-47A8-B7FC-89866F82CAE8} = {CAC770D1-F353-40D2-8B58-29C9F58AFDD4}
		{CAC770D1-F353-40D2-8B58-29C9F58AFDD4} = {282E1FF7-235D-4426-95CD-77C55E77520B}
		{55E0843E-BC16-4781-9C71-19B3E150D87D} = {282E1FF7-235D-4426-95CD-77C55E77520B}
		{D7790E7B-6DA1-4738-80A5-5D1E6B634C87} = {55E0843E-BC16-4781-9C71-19B3E150D87D}
		{04417750-0910-4CCB-AD0F-9644283B7C3A} = {55E0843E-BC16-4781-9C71-19B3E150D87D}
		{0D20A167-F96E-4836-9F5D-71D1ACA42753} = {55E0843E-BC16-4781-9C71-19B3E150D87D}
	EndGlobalSection
	GlobalSection(ExtensibilityGlobals) = postSolution
		SolutionGuid = {79B1E1AF-ACDD-4620-917B-2A78F766E1D9}
	EndGlobalSection
EndGlobal
